{
  "version": 4,
  "terraform_version": "1.7.3",
  "serial": 3,
  "lineage": "c95753c8-8971-bdc4-9f6c-f26b6ad7776d",
  "outputs": {},
  "resources": [
    {
      "mode": "managed",
      "type": "google_filestore_instance",
      "name": "instance",
      "provider": "provider[\"registry.terraform.io/hashicorp/google\"]",
      "instances": [
        {
          "schema_version": 1,
          "attributes": {
            "create_time": "2024-04-30T05:13:24.873014955Z",
            "description": "",
            "etag": "",
            "file_shares": [
              {
                "capacity_gb": 1024,
                "name": "share1",
                "nfs_export_options": []
              }
            ],
            "id": "projects/gcp-with-terraform-421504/locations/us-central1-a/instances/test-instance",
            "kms_key_name": "",
            "labels": null,
            "location": "us-central1-a",
            "name": "test-instance",
            "networks": [
              {
                "connect_mode": "DIRECT_PEERING",
                "ip_addresses": [
                  "10.74.117.178"
                ],
                "modes": [
                  "MODE_IPV4"
                ],
                "network": "default",
                "reserved_ip_range": "10.74.117.176/29"
              }
            ],
            "project": "gcp-with-terraform-421504",
            "tier": "BASIC_HDD",
            "timeouts": null,
            "zone": null
          },
          "sensitive_attributes": [],
          "private": "eyJlMmJmYjczMC1lY2FhLTExZTYtOGY4OC0zNDM2M2JjN2M0YzAiOnsiY3JlYXRlIjoxMjAwMDAwMDAwMDAwLCJkZWxldGUiOjEyMDAwMDAwMDAwMDAsInVwZGF0ZSI6MTIwMDAwMDAwMDAwMH0sInNjaGVtYV92ZXJzaW9uIjoiMSJ9"
        }
      ]
    }
  ],
  "check_results": null
}
